
Microsoft Visual Studio Solution File, Format Version 12.00
# Visual Studio 14
VisualStudioVersion = 14.0.23107.0
MinimumVisualStudioVersion = 10.0.40219.1
Project("{FAE04EC0-301F-11D3-BF4B-00C04F79EFBC}") = "YTDownloader-Web", "YTDownloader-Web\YTDownloader-Web.csproj", "{55DB65F3-A115-44B3-B691-52130391ACCB}"
EndProject
Global
	GlobalSection(SolutionConfigurationPlatforms) = preSolution
		Debug|Any CPU = Debug|Any CPU
		Release|Any CPU = Release|Any CPU
	EndGlobalSection
	GlobalSection(ProjectConfigurationPlatforms) = postSolution
		{55DB65F3-A115-44B3-B691-52130391ACCB}.Debug|Any CPU.ActiveCfg = Debug|Any CPU
		{55DB65F3-A115-44B3-B691-52130391ACCB}.Debug|Any CPU.Build.0 = Debug|Any CPU
		{55DB65F3-A115-44B3-B691-52130391ACCB}.Release|Any CPU.ActiveCfg = Release|Any CPU
		{55DB65F3-A115-44B3-B691-52130391ACCB}.Release|Any CPU.Build.0 = Release|Any CPU
	EndGlobalSection
	GlobalSection(SolutionProperties) = preSolution
		HideSolutionNode = FALSE
	EndGlobalSection
EndGlobal
